
Microsoft Visual Studio Solution File, Format Version 12.00
# Visual Studio 15
VisualStudioVersion = 15.0.26228.12
MinimumVisualStudioVersion = 10.0.40219.1
Project("{FAE04EC0-301F-11D3-BF4B-00C04F79EFBC}") = "SimpleDIConsole", "SimpleDIConsole\SimpleDIConsole.csproj", "{295B19D1-08B6-4084-8442-EBB9B94D49C1}"
EndProject
Project("{FAE04EC0-301F-11D3-BF4B-00C04F79EFBC}") = "SimpleDI.Interface", "SimpleDI.Interface\SimpleDI.Interface.csproj", "{C42F87CD-C298-4D02-BEEA-0AED0EE496CF}"
EndProject
Global
	GlobalSection(SolutionConfigurationPlatforms) = preSolution
		Debug|Any CPU = Debug|Any CPU
		Release|Any CPU = Release|Any CPU
	EndGlobalSection
	GlobalSection(ProjectConfigurationPlatforms) = postSolution
		{295B19D1-08B6-4084-8442-EBB9B94D49C1}.Debug|Any CPU.ActiveCfg = Debug|Any CPU
		{295B19D1-08B6-4084-8442-EBB9B94D49C1}.Debug|Any CPU.Build.0 = Debug|Any CPU
		{295B19D1-08B6-4084-8442-EBB9B94D49C1}.Release|Any CPU.ActiveCfg = Release|Any CPU
		{295B19D1-08B6-4084-8442-EBB9B94D49C1}.Release|Any CPU.Build.0 = Release|Any CPU
		{C42F87CD-C298-4D02-BEEA-0AED0EE496CF}.Debug|Any CPU.ActiveCfg = Debug|Any CPU
		{C42F87CD-C298-4D02-BEEA-0AED0EE496CF}.Debug|Any CPU.Build.0 = Debug|Any CPU
		{C42F87CD-C298-4D02-BEEA-0AED0EE496CF}.Release|Any CPU.ActiveCfg = Release|Any CPU
		{C42F87CD-C298-4D02-BEEA-0AED0EE496CF}.Release|Any CPU.Build.0 = Release|Any CPU
	EndGlobalSection
	GlobalSection(SolutionProperties) = preSolution
		HideSolutionNode = FALSE
	EndGlobalSection
EndGlobal
